
Microsoft Visual Studio Solution File, Format Version 12.00
# Visual Studio Version 17
VisualStudioVersion = 17.5.33627.172
MinimumVisualStudioVersion = 10.0.40219.1
Project("{FAE04EC0-301F-11D3-BF4B-00C04F79EFBC}") = "AddressBookSystem", "AddressBookSystem.csproj", "{EA454CA6-4990-4DD5-BEDE-D500629C1BB4}"
EndProject
Global
	GlobalSection(SolutionConfigurationPlatforms) = preSolution
		Debug|Any CPU = Debug|Any CPU
		Release|Any CPU = Release|Any CPU
	EndGlobalSection
	GlobalSection(ProjectConfigurationPlatforms) = postSolution
		{EA454CA6-4990-4DD5-BEDE-D500629C1BB4}.Debug|Any CPU.ActiveCfg = Debug|Any CPU
		{EA454CA6-4990-4DD5-BEDE-D500629C1BB4}.Debug|Any CPU.Build.0 = Debug|Any CPU
		{EA454CA6-4990-4DD5-BEDE-D500629C1BB4}.Release|Any CPU.ActiveCfg = Release|Any CPU
		{EA454CA6-4990-4DD5-BEDE-D500629C1BB4}.Release|Any CPU.Build.0 = Release|Any CPU
	EndGlobalSection
	GlobalSection(SolutionProperties) = preSolution
		HideSolutionNode = FALSE
	EndGlobalSection
	GlobalSection(ExtensibilityGlobals) = postSolution
		SolutionGuid = {C844B747-8006-436A-B17D-F0DF2D450746}
	EndGlobalSection
EndGlobal
